
Microsoft Visual Studio Solution File, Format Version 12.00
# Visual Studio Version 17
VisualStudioVersion = 17.2.32616.157
MinimumVisualStudioVersion = 10.0.40219.1
Project("{E24C65DC-7377-472B-9ABA-BC803B73C61A}") = "DANILO", ".", "{BC89E543-42B0-4047-83DF-B437C8F4AC3B}"
	ProjectSection(WebsiteProperties) = preProject
		TargetFrameworkMoniker = ".NETFramework,Version%3Dv4.6.2"
		Debug.AspNetCompiler.VirtualPath = "/localhost_55260"
		Debug.AspNetCompiler.PhysicalPath = "..\DANILO\"
		Debug.AspNetCompiler.TargetPath = "PrecompiledWeb\localhost_55260\"
		Debug.AspNetCompiler.Updateable = "true"
		Debug.AspNetCompiler.ForceOverwrite = "true"
		Debug.AspNetCompiler.FixedNames = "false"
		Debug.AspNetCompiler.Debug = "True"
		Release.AspNetCompiler.VirtualPath = "/localhost_55260"
		Release.AspNetCompiler.PhysicalPath = "..\DANILO\"
		Release.AspNetCompiler.TargetPath = "PrecompiledWeb\localhost_55260\"
		Release.AspNetCompiler.Updateable = "true"
		Release.AspNetCompiler.ForceOverwrite = "true"
		Release.AspNetCompiler.FixedNames = "false"
		Release.AspNetCompiler.Debug = "False"
		VWDPort = "55260"
		SlnRelativePath = "..\DANILO\"
		DefaultWebSiteLanguage = "Visual C#"
	EndProjectSection
EndProject
Global
	GlobalSection(SolutionConfigurationPlatforms) = preSolution
		Debug|Any CPU = Debug|Any CPU
	EndGlobalSection
	GlobalSection(ProjectConfigurationPlatforms) = postSolution
		{BC89E543-42B0-4047-83DF-B437C8F4AC3B}.Debug|Any CPU.ActiveCfg = Debug|Any CPU
		{BC89E543-42B0-4047-83DF-B437C8F4AC3B}.Debug|Any CPU.Build.0 = Debug|Any CPU
	EndGlobalSection
	GlobalSection(SolutionProperties) = preSolution
		HideSolutionNode = FALSE
	EndGlobalSection
	GlobalSection(ExtensibilityGlobals) = postSolution
		SolutionGuid = {28830940-E3EF-4E6B-8EEB-9FA87367777D}
	EndGlobalSection
EndGlobal
